
Microsoft Visual Studio Solution File, Format Version 12.00
# Visual Studio 15
VisualStudioVersion = 15.0.26823.1
MinimumVisualStudioVersion = 10.0.40219.1
Project("{9A19103F-16F7-4668-BE54-9A1E7A4F7556}") = "FavouriteKebab", "FavouriteKebab\FavouriteKebab.csproj", "{A82FA8BA-77ED-49C7-A6B6-0196FA9FB8DA}"
EndProject
Project("{151D2E53-A2C4-4D7D-83FE-D05416EBD58E}") = "KebabDbResourceGroup", "KebabDbResourceGroup\KebabDbResourceGroup.deployproj", "{6CB43BFD-352C-4B25-B226-55AB13B4659F}"
EndProject
Project("{FAE04EC0-301F-11D3-BF4B-00C04F79EFBC}") = "KebabTests", "KebabTests\KebabTests.csproj", "{0A9706E0-27DB-4A75-8614-2593F0DAA3A2}"
EndProject
Project("{F5034706-568F-408A-B7B3-4D38C6DB8A32}") = "PowershellHelperScripts", "HelperScripts\PowershellHelperScripts.pssproj", "{6CAFC0C6-A428-4D30-A9F9-700E829FEA51}"
EndProject
Global
	GlobalSection(SolutionConfigurationPlatforms) = preSolution
		Debug|Any CPU = Debug|Any CPU
		Release|Any CPU = Release|Any CPU
	EndGlobalSection
	GlobalSection(ProjectConfigurationPlatforms) = postSolution
		{A82FA8BA-77ED-49C7-A6B6-0196FA9FB8DA}.Debug|Any CPU.ActiveCfg = Debug|Any CPU
		{A82FA8BA-77ED-49C7-A6B6-0196FA9FB8DA}.Debug|Any CPU.Build.0 = Debug|Any CPU
		{A82FA8BA-77ED-49C7-A6B6-0196FA9FB8DA}.Release|Any CPU.ActiveCfg = Release|Any CPU
		{A82FA8BA-77ED-49C7-A6B6-0196FA9FB8DA}.Release|Any CPU.Build.0 = Release|Any CPU
		{6CB43BFD-352C-4B25-B226-55AB13B4659F}.Debug|Any CPU.ActiveCfg = Debug|Any CPU
		{6CB43BFD-352C-4B25-B226-55AB13B4659F}.Debug|Any CPU.Build.0 = Debug|Any CPU
		{6CB43BFD-352C-4B25-B226-55AB13B4659F}.Release|Any CPU.ActiveCfg = Release|Any CPU
		{6CB43BFD-352C-4B25-B226-55AB13B4659F}.Release|Any CPU.Build.0 = Release|Any CPU
		{0A9706E0-27DB-4A75-8614-2593F0DAA3A2}.Debug|Any CPU.ActiveCfg = Debug|Any CPU
		{0A9706E0-27DB-4A75-8614-2593F0DAA3A2}.Debug|Any CPU.Build.0 = Debug|Any CPU
		{0A9706E0-27DB-4A75-8614-2593F0DAA3A2}.Release|Any CPU.ActiveCfg = Release|Any CPU
		{0A9706E0-27DB-4A75-8614-2593F0DAA3A2}.Release|Any CPU.Build.0 = Release|Any CPU
		{6CAFC0C6-A428-4D30-A9F9-700E829FEA51}.Debug|Any CPU.ActiveCfg = Debug|Any CPU
		{6CAFC0C6-A428-4D30-A9F9-700E829FEA51}.Debug|Any CPU.Build.0 = Debug|Any CPU
		{6CAFC0C6-A428-4D30-A9F9-700E829FEA51}.Release|Any CPU.ActiveCfg = Release|Any CPU
		{6CAFC0C6-A428-4D30-A9F9-700E829FEA51}.Release|Any CPU.Build.0 = Release|Any CPU
	EndGlobalSection
	GlobalSection(SolutionProperties) = preSolution
		HideSolutionNode = FALSE
	EndGlobalSection
	GlobalSection(ExtensibilityGlobals) = postSolution
		SolutionGuid = {F302B57A-140A-4A33-B764-FFEF956A9D65}
	EndGlobalSection
EndGlobal
